
Microsoft Visual Studio Solution File, Format Version 12.00
# Visual Studio Version 17
VisualStudioVersion = 17.8.34322.80
MinimumVisualStudioVersion = 10.0.40219.1
Project("{FAE04EC0-301F-11D3-BF4B-00C04F79EFBC}") = "SpacebookAPI", "SpacebookAPI.csproj", "{B1578530-DAB7-47A6-B60C-2F7CC11B7F8E}"
EndProject
Global
	GlobalSection(SolutionConfigurationPlatforms) = preSolution
		Debug|Any CPU = Debug|Any CPU
		Release|Any CPU = Release|Any CPU
	EndGlobalSection
	GlobalSection(ProjectConfigurationPlatforms) = postSolution
		{B1578530-DAB7-47A6-B60C-2F7CC11B7F8E}.Debug|Any CPU.ActiveCfg = Debug|Any CPU
		{B1578530-DAB7-47A6-B60C-2F7CC11B7F8E}.Debug|Any CPU.Build.0 = Debug|Any CPU
		{B1578530-DAB7-47A6-B60C-2F7CC11B7F8E}.Release|Any CPU.ActiveCfg = Release|Any CPU
		{B1578530-DAB7-47A6-B60C-2F7CC11B7F8E}.Release|Any CPU.Build.0 = Release|Any CPU
	EndGlobalSection
	GlobalSection(SolutionProperties) = preSolution
		HideSolutionNode = FALSE
	EndGlobalSection
	GlobalSection(ExtensibilityGlobals) = postSolution
		SolutionGuid = {6BA59D4B-ACE5-4CC7-A7E5-42BF3D92EF1C}
	EndGlobalSection
EndGlobal
